# This file is autogenerated, do not edit; changes may be undone by the next 'dep ensure'.


[[projects]]
  name = "github.com/DavidCai1993/request"
  packages = ["."]
  revision = "215ce0101b8fb3d720bfa65234b1d66812ed8d73"
  version = "1.6.0"

[[projects]]
  name = "github.com/SermoDigital/jose"
  packages = [".","crypto","jws","jwt"]
  revision = "f6df55f235c24f236d11dbcf665249a59ac2021f"
  version = "1.1"

[[projects]]
  name = "github.com/davecgh/go-spew"
  packages = ["spew"]
  revision = "346938d642f2ec3594ed81d874461961cd0faa76"
  version = "v1.1.0"

[[projects]]
  name = "github.com/go-http-utils/cookie"
  packages = ["."]
  revision = "cec93ca06c56955e7a2b993f73b55da1cb45296c"
  version = "v1.2.1"

[[projects]]
  name = "github.com/go-http-utils/headers"
  packages = ["."]
  revision = "dd89efed167473dab56959bdfdbfdfed9519f80b"
  version = "1.0.0"

[[projects]]
  name = "github.com/go-http-utils/negotiator"
  packages = ["."]
  revision = "dba3794a997e423e032796131331cce008c3a427"
  version = "v1.0.0"

[[projects]]
  name = "github.com/pmezard/go-difflib"
  packages = ["difflib"]
  revision = "792786c7400a136282c1664665ae0a8db921c6c2"
  version = "v1.0.0"

[[projects]]
  branch = "master"
  name = "github.com/sdming/gosnow"
  packages = ["."]
  revision = "3a05c415e886bd8d06522975d2c3458eafe93f04"

[[projects]]
  name = "github.com/stretchr/testify"
  packages = ["assert"]
  revision = "69483b4bd14f5845b5a1e55bca19e954e827f1d0"
  version = "v1.1.4"

[[projects]]
  name = "github.com/teambition/crypto-go"
  packages = ["."]
  revision = "2c8a3a15a575c293488b93e08c65307b99d58919"
  version = "v2.0.1"

[[projects]]
  name = "github.com/teambition/gear"
  packages = [".","logging","middleware/cors","middleware/favicon","middleware/secure","middleware/static"]
  revision = "33b38ea3c8cc023acf544e8a026e3aa78e9f9383"
  version = "v1.8.5"

[[projects]]
  name = "github.com/teambition/gear-auth"
  packages = [".","jwt"]
  revision = "051309878daa45cb0a8be3acd2a357373fcbac5f"
  version = "v1.5.4"

[[projects]]
  name = "github.com/teambition/trie-mux"
  packages = ["."]
  revision = "ef3dc10d4a6ab1d014a20b7971d96c9db86b27a5"
  version = "v1.4.1"

[[projects]]
  branch = "master"
  name = "github.com/tidwall/btree"
  packages = ["."]
  revision = "9876f1454cf0993a53d74c27196993e345f50dd1"

[[projects]]
  branch = "master"
  name = "github.com/tidwall/buntdb"
  packages = ["."]
  revision = "b67b1b8c1658cb01502801c14e33c61e6c4cbb95"

[[projects]]
  branch = "master"
  name = "github.com/tidwall/gjson"
  packages = ["."]
  revision = "be96719f990978a867f52c48f29d43f6b591da28"

[[projects]]
  branch = "master"
  name = "github.com/tidwall/grect"
  packages = ["."]
  revision = "ba9a043346eba55344e40d66a5e74cfda3a9d293"

[[projects]]
  branch = "master"
  name = "github.com/tidwall/match"
  packages = ["."]
  revision = "173748da739a410c5b0b813b956f89ff94730b4c"

[[projects]]
  branch = "master"
  name = "github.com/tidwall/rtree"
  packages = ["."]
  revision = "d4a8a3d30d5729f85edfba1745241f3a621d0359"

[[projects]]
  branch = "master"
  name = "golang.org/x/crypto"
  packages = ["pbkdf2","sha3"]
  revision = "9ba3862cf6a5452ae579de98f9364dd2e544844c"

[[projects]]
  branch = "master"
  name = "golang.org/x/net"
  packages = ["proxy"]
  revision = "66aacef3dd8a676686c7ae3716979581e8b03c47"

[solve-meta]
  analyzer-name = "dep"
  analyzer-version = 1
  inputs-digest = "97ae3082050fde2493b9bd2176097a73b8d9630894864d0a56756323d110babc"
  solver-name = "gps-cdcl"
  solver-version = 1
